{
  "name": "tape6",
  "version": "1.0.0",
  "lockfileVersion": 2,
  "requires": true,
  "packages": {
    "": {
      "version": "1.0.0",
      "license": "BSD-3-Clause",
      "dependencies": {
        "heya-unify": "^0.2.7"
      },
      "bin": {
        "tape6": "bin/cli.js"
      }
    },
    "node_modules/heya-ice": {
      "version": "0.1.11",
      "resolved": "https://registry.npmjs.org/heya-ice/-/heya-ice-0.1.11.tgz",
      "integrity": "sha1-XW2lnGC1nHAjqDRw+26XcddwWEk="
    },
    "node_modules/heya-unify": {
      "version": "0.2.7",
      "resolved": "https://registry.npmjs.org/heya-unify/-/heya-unify-0.2.7.tgz",
      "integrity": "sha512-d/4NacYl52tt4ofbP7gz+YmbjLrI2jkrRxSSd1a26yXfRS1vQxmZkZ6L+O1xUsgDSwx4HCDWR5U+ZFykdoHVig==",
      "dependencies": {
        "heya-ice": "^0.1.11"
      }
    }
  },
  "dependencies": {
    "heya-ice": {
      "version": "0.1.11",
      "resolved": "https://registry.npmjs.org/heya-ice/-/heya-ice-0.1.11.tgz",
      "integrity": "sha1-XW2lnGC1nHAjqDRw+26XcddwWEk="
    },
    "heya-unify": {
      "version": "0.2.7",
      "resolved": "https://registry.npmjs.org/heya-unify/-/heya-unify-0.2.7.tgz",
      "integrity": "sha512-d/4NacYl52tt4ofbP7gz+YmbjLrI2jkrRxSSd1a26yXfRS1vQxmZkZ6L+O1xUsgDSwx4HCDWR5U+ZFykdoHVig==",
      "requires": {
        "heya-ice": "^0.1.11"
      }
    }
  }
}
